
Microsoft Visual Studio Solution File, Format Version 12.00
# Visual Studio Version 16
VisualStudioVersion = 16.0.29009.5
MinimumVisualStudioVersion = 10.0.40219.1
Project("{FAE04EC0-301F-11D3-BF4B-00C04F79EFBC}") = "leetcode771", "leetcode771\leetcode771.csproj", "{D58F0B27-9776-4F45-AB0F-F9078FD1FE1C}"
EndProject
Global
	GlobalSection(SolutionConfigurationPlatforms) = preSolution
		Debug|Any CPU = Debug|Any CPU
		Release|Any CPU = Release|Any CPU
	EndGlobalSection
	GlobalSection(ProjectConfigurationPlatforms) = postSolution
		{D58F0B27-9776-4F45-AB0F-F9078FD1FE1C}.Debug|Any CPU.ActiveCfg = Debug|Any CPU
		{D58F0B27-9776-4F45-AB0F-F9078FD1FE1C}.Debug|Any CPU.Build.0 = Debug|Any CPU
		{D58F0B27-9776-4F45-AB0F-F9078FD1FE1C}.Release|Any CPU.ActiveCfg = Release|Any CPU
		{D58F0B27-9776-4F45-AB0F-F9078FD1FE1C}.Release|Any CPU.Build.0 = Release|Any CPU
	EndGlobalSection
	GlobalSection(SolutionProperties) = preSolution
		HideSolutionNode = FALSE
	EndGlobalSection
	GlobalSection(ExtensibilityGlobals) = postSolution
		SolutionGuid = {36D1AF04-2869-4064-883D-A36003ED2075}
	EndGlobalSection
EndGlobal
