
Microsoft Visual Studio Solution File, Format Version 12.00
# Visual Studio 15
VisualStudioVersion = 15.0.27428.2043
MinimumVisualStudioVersion = 10.0.40219.1
Project("{FAE04EC0-301F-11D3-BF4B-00C04F79EFBC}") = "leetcode762-PrimeNumberofSetBitsinBinaryRepresentation", "leetcode762-PrimeNumberofSetBitsinBinaryRepresentation\leetcode762-PrimeNumberofSetBitsinBinaryRepresentation.csproj", "{C8FDA0EC-632B-42A1-8FFB-CACC056226DE}"
EndProject
Global
	GlobalSection(SolutionConfigurationPlatforms) = preSolution
		Debug|Any CPU = Debug|Any CPU
		Release|Any CPU = Release|Any CPU
	EndGlobalSection
	GlobalSection(ProjectConfigurationPlatforms) = postSolution
		{C8FDA0EC-632B-42A1-8FFB-CACC056226DE}.Debug|Any CPU.ActiveCfg = Debug|Any CPU
		{C8FDA0EC-632B-42A1-8FFB-CACC056226DE}.Debug|Any CPU.Build.0 = Debug|Any CPU
		{C8FDA0EC-632B-42A1-8FFB-CACC056226DE}.Release|Any CPU.ActiveCfg = Release|Any CPU
		{C8FDA0EC-632B-42A1-8FFB-CACC056226DE}.Release|Any CPU.Build.0 = Release|Any CPU
	EndGlobalSection
	GlobalSection(SolutionProperties) = preSolution
		HideSolutionNode = FALSE
	EndGlobalSection
	GlobalSection(ExtensibilityGlobals) = postSolution
		SolutionGuid = {DDB323C1-3F1D-4090-AF1F-E02B92A15989}
	EndGlobalSection
EndGlobal
