
Microsoft Visual Studio Solution File, Format Version 12.00
# Visual Studio Version 16
VisualStudioVersion = 16.0.29009.5
MinimumVisualStudioVersion = 10.0.40219.1
Project("{FAE04EC0-301F-11D3-BF4B-00C04F79EFBC}") = "leetcode485", "leetcode485\leetcode485.csproj", "{146EEFB2-758D-459A-8251-3612AB390079}"
EndProject
Global
	GlobalSection(SolutionConfigurationPlatforms) = preSolution
		Debug|Any CPU = Debug|Any CPU
		Release|Any CPU = Release|Any CPU
	EndGlobalSection
	GlobalSection(ProjectConfigurationPlatforms) = postSolution
		{146EEFB2-758D-459A-8251-3612AB390079}.Debug|Any CPU.ActiveCfg = Debug|Any CPU
		{146EEFB2-758D-459A-8251-3612AB390079}.Debug|Any CPU.Build.0 = Debug|Any CPU
		{146EEFB2-758D-459A-8251-3612AB390079}.Release|Any CPU.ActiveCfg = Release|Any CPU
		{146EEFB2-758D-459A-8251-3612AB390079}.Release|Any CPU.Build.0 = Release|Any CPU
	EndGlobalSection
	GlobalSection(SolutionProperties) = preSolution
		HideSolutionNode = FALSE
	EndGlobalSection
	GlobalSection(ExtensibilityGlobals) = postSolution
		SolutionGuid = {C8C017F7-5072-489F-A860-CDA1369E40BE}
	EndGlobalSection
EndGlobal
