
Microsoft Visual Studio Solution File, Format Version 12.00
# Visual Studio 15
VisualStudioVersion = 15.0.28010.2048
MinimumVisualStudioVersion = 10.0.40219.1
Project("{FAE04EC0-301F-11D3-BF4B-00C04F79EFBC}") = "leetcode78", "leetcode78\leetcode78.csproj", "{CEA04404-9549-438D-8332-82611265D1DA}"
EndProject
Global
	GlobalSection(SolutionConfigurationPlatforms) = preSolution
		Debug|Any CPU = Debug|Any CPU
		Release|Any CPU = Release|Any CPU
	EndGlobalSection
	GlobalSection(ProjectConfigurationPlatforms) = postSolution
		{CEA04404-9549-438D-8332-82611265D1DA}.Debug|Any CPU.ActiveCfg = Debug|Any CPU
		{CEA04404-9549-438D-8332-82611265D1DA}.Debug|Any CPU.Build.0 = Debug|Any CPU
		{CEA04404-9549-438D-8332-82611265D1DA}.Release|Any CPU.ActiveCfg = Release|Any CPU
		{CEA04404-9549-438D-8332-82611265D1DA}.Release|Any CPU.Build.0 = Release|Any CPU
	EndGlobalSection
	GlobalSection(SolutionProperties) = preSolution
		HideSolutionNode = FALSE
	EndGlobalSection
	GlobalSection(ExtensibilityGlobals) = postSolution
		SolutionGuid = {18296A86-EAF4-462C-A674-E56AD7860292}
	EndGlobalSection
EndGlobal
