
Microsoft Visual Studio Solution File, Format Version 12.00
# Visual Studio 15
VisualStudioVersion = 15.0.27428.2043
MinimumVisualStudioVersion = 10.0.40219.1
Project("{FAE04EC0-301F-11D3-BF4B-00C04F79EFBC}") = "Leetcode201-RangeBitwiseAnd", "Leetcode201-RangeBitwiseAnd\Leetcode201-RangeBitwiseAnd.csproj", "{D45FDB62-3F8B-4140-8EAD-0599016053F2}"
EndProject
Global
	GlobalSection(SolutionConfigurationPlatforms) = preSolution
		Debug|Any CPU = Debug|Any CPU
		Release|Any CPU = Release|Any CPU
	EndGlobalSection
	GlobalSection(ProjectConfigurationPlatforms) = postSolution
		{D45FDB62-3F8B-4140-8EAD-0599016053F2}.Debug|Any CPU.ActiveCfg = Debug|Any CPU
		{D45FDB62-3F8B-4140-8EAD-0599016053F2}.Debug|Any CPU.Build.0 = Debug|Any CPU
		{D45FDB62-3F8B-4140-8EAD-0599016053F2}.Release|Any CPU.ActiveCfg = Release|Any CPU
		{D45FDB62-3F8B-4140-8EAD-0599016053F2}.Release|Any CPU.Build.0 = Release|Any CPU
	EndGlobalSection
	GlobalSection(SolutionProperties) = preSolution
		HideSolutionNode = FALSE
	EndGlobalSection
	GlobalSection(ExtensibilityGlobals) = postSolution
		SolutionGuid = {FC584E87-DE1E-45E5-B4A1-889D406AAD9B}
	EndGlobalSection
EndGlobal
