
Microsoft Visual Studio Solution File, Format Version 12.00
# Visual Studio Version 16
VisualStudioVersion = 16.0.29009.5
MinimumVisualStudioVersion = 10.0.40219.1
Project("{9A19103F-16F7-4668-BE54-9A1E7A4F7556}") = "leetcode278", "leetcode278.\leetcode278.csproj", "{64C3E315-D608-4E3A-94D3-FFDA140CC361}"
EndProject
Global
	GlobalSection(SolutionConfigurationPlatforms) = preSolution
		Debug|Any CPU = Debug|Any CPU
		Release|Any CPU = Release|Any CPU
	EndGlobalSection
	GlobalSection(ProjectConfigurationPlatforms) = postSolution
		{64C3E315-D608-4E3A-94D3-FFDA140CC361}.Debug|Any CPU.ActiveCfg = Debug|Any CPU
		{64C3E315-D608-4E3A-94D3-FFDA140CC361}.Debug|Any CPU.Build.0 = Debug|Any CPU
		{64C3E315-D608-4E3A-94D3-FFDA140CC361}.Release|Any CPU.ActiveCfg = Release|Any CPU
		{64C3E315-D608-4E3A-94D3-FFDA140CC361}.Release|Any CPU.Build.0 = Release|Any CPU
	EndGlobalSection
	GlobalSection(SolutionProperties) = preSolution
		HideSolutionNode = FALSE
	EndGlobalSection
	GlobalSection(ExtensibilityGlobals) = postSolution
		SolutionGuid = {2085FFE7-BAC9-44B2-8B26-4B717BF225A8}
	EndGlobalSection
EndGlobal
