
Microsoft Visual Studio Solution File, Format Version 12.00
# Visual Studio Version 16
VisualStudioVersion = 16.0.29009.5
MinimumVisualStudioVersion = 10.0.40219.1
Project("{FAE04EC0-301F-11D3-BF4B-00C04F79EFBC}") = "leetcode728", "leetcode728\leetcode728.csproj", "{ED25F305-93F0-40E0-BABA-E214ED9A8632}"
EndProject
Global
	GlobalSection(SolutionConfigurationPlatforms) = preSolution
		Debug|Any CPU = Debug|Any CPU
		Release|Any CPU = Release|Any CPU
	EndGlobalSection
	GlobalSection(ProjectConfigurationPlatforms) = postSolution
		{ED25F305-93F0-40E0-BABA-E214ED9A8632}.Debug|Any CPU.ActiveCfg = Debug|Any CPU
		{ED25F305-93F0-40E0-BABA-E214ED9A8632}.Debug|Any CPU.Build.0 = Debug|Any CPU
		{ED25F305-93F0-40E0-BABA-E214ED9A8632}.Release|Any CPU.ActiveCfg = Release|Any CPU
		{ED25F305-93F0-40E0-BABA-E214ED9A8632}.Release|Any CPU.Build.0 = Release|Any CPU
	EndGlobalSection
	GlobalSection(SolutionProperties) = preSolution
		HideSolutionNode = FALSE
	EndGlobalSection
	GlobalSection(ExtensibilityGlobals) = postSolution
		SolutionGuid = {A67AA485-7FD1-4B92-B2DE-21D04F6CAA12}
	EndGlobalSection
EndGlobal
