
Microsoft Visual Studio Solution File, Format Version 12.00
# Visual Studio 15
VisualStudioVersion = 15.0.27428.2043
MinimumVisualStudioVersion = 10.0.40219.1
Project("{FAE04EC0-301F-11D3-BF4B-00C04F79EFBC}") = "leetcode65-valid-number", "leetcode65-valid-number\leetcode65-valid-number.csproj", "{9B192CE4-0D44-4EB2-B934-2D66E95E562E}"
EndProject
Global
	GlobalSection(SolutionConfigurationPlatforms) = preSolution
		Debug|Any CPU = Debug|Any CPU
		Release|Any CPU = Release|Any CPU
	EndGlobalSection
	GlobalSection(ProjectConfigurationPlatforms) = postSolution
		{9B192CE4-0D44-4EB2-B934-2D66E95E562E}.Debug|Any CPU.ActiveCfg = Debug|Any CPU
		{9B192CE4-0D44-4EB2-B934-2D66E95E562E}.Debug|Any CPU.Build.0 = Debug|Any CPU
		{9B192CE4-0D44-4EB2-B934-2D66E95E562E}.Release|Any CPU.ActiveCfg = Release|Any CPU
		{9B192CE4-0D44-4EB2-B934-2D66E95E562E}.Release|Any CPU.Build.0 = Release|Any CPU
	EndGlobalSection
	GlobalSection(SolutionProperties) = preSolution
		HideSolutionNode = FALSE
	EndGlobalSection
	GlobalSection(ExtensibilityGlobals) = postSolution
		SolutionGuid = {A9591625-3527-493A-9F90-9FF0903C9E47}
	EndGlobalSection
EndGlobal
