
Microsoft Visual Studio Solution File, Format Version 12.00
# Visual Studio Version 16
VisualStudioVersion = 16.0.29009.5
MinimumVisualStudioVersion = 10.0.40219.1
Project("{FAE04EC0-301F-11D3-BF4B-00C04F79EFBC}") = "leetcode136", "leetcode136\leetcode136.csproj", "{D786D2BA-1A65-4CB6-821F-591C532DEC2C}"
EndProject
Global
	GlobalSection(SolutionConfigurationPlatforms) = preSolution
		Debug|Any CPU = Debug|Any CPU
		Release|Any CPU = Release|Any CPU
	EndGlobalSection
	GlobalSection(ProjectConfigurationPlatforms) = postSolution
		{D786D2BA-1A65-4CB6-821F-591C532DEC2C}.Debug|Any CPU.ActiveCfg = Debug|Any CPU
		{D786D2BA-1A65-4CB6-821F-591C532DEC2C}.Debug|Any CPU.Build.0 = Debug|Any CPU
		{D786D2BA-1A65-4CB6-821F-591C532DEC2C}.Release|Any CPU.ActiveCfg = Release|Any CPU
		{D786D2BA-1A65-4CB6-821F-591C532DEC2C}.Release|Any CPU.Build.0 = Release|Any CPU
	EndGlobalSection
	GlobalSection(SolutionProperties) = preSolution
		HideSolutionNode = FALSE
	EndGlobalSection
	GlobalSection(ExtensibilityGlobals) = postSolution
		SolutionGuid = {88C08D01-35CE-4D2F-894D-0F2BE26AFE0E}
	EndGlobalSection
EndGlobal
