
Microsoft Visual Studio Solution File, Format Version 12.00
# Visual Studio 15
VisualStudioVersion = 15.0.27703.2000
MinimumVisualStudioVersion = 10.0.40219.1
Project("{FAE04EC0-301F-11D3-BF4B-00C04F79EFBC}") = "Leetcode557.ReverseWordsInAString3", "Leetcode557.ReverseWordsInAString3\Leetcode557.ReverseWordsInAString3.csproj", "{2621E37F-8B7A-4C51-A3C5-C2DAE9BD4901}"
EndProject
Global
	GlobalSection(SolutionConfigurationPlatforms) = preSolution
		Debug|Any CPU = Debug|Any CPU
		Release|Any CPU = Release|Any CPU
	EndGlobalSection
	GlobalSection(ProjectConfigurationPlatforms) = postSolution
		{2621E37F-8B7A-4C51-A3C5-C2DAE9BD4901}.Debug|Any CPU.ActiveCfg = Debug|Any CPU
		{2621E37F-8B7A-4C51-A3C5-C2DAE9BD4901}.Debug|Any CPU.Build.0 = Debug|Any CPU
		{2621E37F-8B7A-4C51-A3C5-C2DAE9BD4901}.Release|Any CPU.ActiveCfg = Release|Any CPU
		{2621E37F-8B7A-4C51-A3C5-C2DAE9BD4901}.Release|Any CPU.Build.0 = Release|Any CPU
	EndGlobalSection
	GlobalSection(SolutionProperties) = preSolution
		HideSolutionNode = FALSE
	EndGlobalSection
	GlobalSection(ExtensibilityGlobals) = postSolution
		SolutionGuid = {33C55C53-AD3A-4EAC-BD27-133899D0F632}
	EndGlobalSection
EndGlobal
