
Microsoft Visual Studio Solution File, Format Version 12.00
# Visual Studio 15
VisualStudioVersion = 15.0.27428.2043
MinimumVisualStudioVersion = 10.0.40219.1
Project("{FAE04EC0-301F-11D3-BF4B-00C04F79EFBC}") = "leetcode171-Excel-TitleToNum", "leetcode171-Excel-TitleToNum\leetcode171-Excel-TitleToNum.csproj", "{0F108F3B-E4E1-4605-ABE8-B024BF637060}"
EndProject
Global
	GlobalSection(SolutionConfigurationPlatforms) = preSolution
		Debug|Any CPU = Debug|Any CPU
		Release|Any CPU = Release|Any CPU
	EndGlobalSection
	GlobalSection(ProjectConfigurationPlatforms) = postSolution
		{0F108F3B-E4E1-4605-ABE8-B024BF637060}.Debug|Any CPU.ActiveCfg = Debug|Any CPU
		{0F108F3B-E4E1-4605-ABE8-B024BF637060}.Debug|Any CPU.Build.0 = Debug|Any CPU
		{0F108F3B-E4E1-4605-ABE8-B024BF637060}.Release|Any CPU.ActiveCfg = Release|Any CPU
		{0F108F3B-E4E1-4605-ABE8-B024BF637060}.Release|Any CPU.Build.0 = Release|Any CPU
	EndGlobalSection
	GlobalSection(SolutionProperties) = preSolution
		HideSolutionNode = FALSE
	EndGlobalSection
	GlobalSection(ExtensibilityGlobals) = postSolution
		SolutionGuid = {19917AFF-6371-4678-980D-C262F91279C9}
	EndGlobalSection
EndGlobal
