
Microsoft Visual Studio Solution File, Format Version 12.00
# Visual Studio Version 16
VisualStudioVersion = 16.0.29009.5
MinimumVisualStudioVersion = 10.0.40219.1
Project("{FAE04EC0-301F-11D3-BF4B-00C04F79EFBC}") = "leetcode205", "leetcode205\leetcode205.csproj", "{2ED9A91F-B109-4095-AEE2-AFFC9B36E8C7}"
EndProject
Global
	GlobalSection(SolutionConfigurationPlatforms) = preSolution
		Debug|Any CPU = Debug|Any CPU
		Release|Any CPU = Release|Any CPU
	EndGlobalSection
	GlobalSection(ProjectConfigurationPlatforms) = postSolution
		{2ED9A91F-B109-4095-AEE2-AFFC9B36E8C7}.Debug|Any CPU.ActiveCfg = Debug|Any CPU
		{2ED9A91F-B109-4095-AEE2-AFFC9B36E8C7}.Debug|Any CPU.Build.0 = Debug|Any CPU
		{2ED9A91F-B109-4095-AEE2-AFFC9B36E8C7}.Release|Any CPU.ActiveCfg = Release|Any CPU
		{2ED9A91F-B109-4095-AEE2-AFFC9B36E8C7}.Release|Any CPU.Build.0 = Release|Any CPU
	EndGlobalSection
	GlobalSection(SolutionProperties) = preSolution
		HideSolutionNode = FALSE
	EndGlobalSection
	GlobalSection(ExtensibilityGlobals) = postSolution
		SolutionGuid = {115757D1-09B8-420C-AA64-C4B25E80A470}
	EndGlobalSection
EndGlobal
