
Microsoft Visual Studio Solution File, Format Version 12.00
# Visual Studio 15
VisualStudioVersion = 15.0.27428.2043
MinimumVisualStudioVersion = 10.0.40219.1
Project("{FAE04EC0-301F-11D3-BF4B-00C04F79EFBC}") = "Leetcode306-AdditiveNum", "Leetcode306-AdditiveNum\Leetcode306-AdditiveNum.csproj", "{8919EF70-5EC1-45E1-8DFB-F54920A8420C}"
EndProject
Global
	GlobalSection(SolutionConfigurationPlatforms) = preSolution
		Debug|Any CPU = Debug|Any CPU
		Release|Any CPU = Release|Any CPU
	EndGlobalSection
	GlobalSection(ProjectConfigurationPlatforms) = postSolution
		{8919EF70-5EC1-45E1-8DFB-F54920A8420C}.Debug|Any CPU.ActiveCfg = Debug|Any CPU
		{8919EF70-5EC1-45E1-8DFB-F54920A8420C}.Debug|Any CPU.Build.0 = Debug|Any CPU
		{8919EF70-5EC1-45E1-8DFB-F54920A8420C}.Release|Any CPU.ActiveCfg = Release|Any CPU
		{8919EF70-5EC1-45E1-8DFB-F54920A8420C}.Release|Any CPU.Build.0 = Release|Any CPU
	EndGlobalSection
	GlobalSection(SolutionProperties) = preSolution
		HideSolutionNode = FALSE
	EndGlobalSection
	GlobalSection(ExtensibilityGlobals) = postSolution
		SolutionGuid = {6B02DA48-6034-4CFE-A4A5-7C0505A67BC6}
	EndGlobalSection
EndGlobal
