
Microsoft Visual Studio Solution File, Format Version 12.00
# Visual Studio 15
VisualStudioVersion = 15.0.27428.2043
MinimumVisualStudioVersion = 10.0.40219.1
Project("{FAE04EC0-301F-11D3-BF4B-00C04F79EFBC}") = "Leetcode226-Invert_binary_tree", "Leetcode226-Invert_binary_tree\Leetcode226-Invert_binary_tree.csproj", "{2BCC2095-D16F-4541-BB4A-2457732F5951}"
EndProject
Global
	GlobalSection(SolutionConfigurationPlatforms) = preSolution
		Debug|Any CPU = Debug|Any CPU
		Release|Any CPU = Release|Any CPU
	EndGlobalSection
	GlobalSection(ProjectConfigurationPlatforms) = postSolution
		{2BCC2095-D16F-4541-BB4A-2457732F5951}.Debug|Any CPU.ActiveCfg = Debug|Any CPU
		{2BCC2095-D16F-4541-BB4A-2457732F5951}.Debug|Any CPU.Build.0 = Debug|Any CPU
		{2BCC2095-D16F-4541-BB4A-2457732F5951}.Release|Any CPU.ActiveCfg = Release|Any CPU
		{2BCC2095-D16F-4541-BB4A-2457732F5951}.Release|Any CPU.Build.0 = Release|Any CPU
	EndGlobalSection
	GlobalSection(SolutionProperties) = preSolution
		HideSolutionNode = FALSE
	EndGlobalSection
	GlobalSection(ExtensibilityGlobals) = postSolution
		SolutionGuid = {E0EE89F9-1FE6-42B9-8721-48C3A2D5529C}
	EndGlobalSection
EndGlobal
