
Microsoft Visual Studio Solution File, Format Version 12.00
# Visual Studio 15
VisualStudioVersion = 15.0.27428.2043
MinimumVisualStudioVersion = 10.0.40219.1
Project("{FAE04EC0-301F-11D3-BF4B-00C04F79EFBC}") = "Leetcode191-NumberOf1", "Leetcode191-NumberOf1\Leetcode191-NumberOf1.csproj", "{BAEA05D1-F5F6-4FC8-858E-77474D28F8C3}"
EndProject
Global
	GlobalSection(SolutionConfigurationPlatforms) = preSolution
		Debug|Any CPU = Debug|Any CPU
		Release|Any CPU = Release|Any CPU
	EndGlobalSection
	GlobalSection(ProjectConfigurationPlatforms) = postSolution
		{BAEA05D1-F5F6-4FC8-858E-77474D28F8C3}.Debug|Any CPU.ActiveCfg = Debug|Any CPU
		{BAEA05D1-F5F6-4FC8-858E-77474D28F8C3}.Debug|Any CPU.Build.0 = Debug|Any CPU
		{BAEA05D1-F5F6-4FC8-858E-77474D28F8C3}.Release|Any CPU.ActiveCfg = Release|Any CPU
		{BAEA05D1-F5F6-4FC8-858E-77474D28F8C3}.Release|Any CPU.Build.0 = Release|Any CPU
	EndGlobalSection
	GlobalSection(SolutionProperties) = preSolution
		HideSolutionNode = FALSE
	EndGlobalSection
	GlobalSection(ExtensibilityGlobals) = postSolution
		SolutionGuid = {A7A63543-903B-4BCF-B402-A70E05BD0C8E}
	EndGlobalSection
EndGlobal
