
Microsoft Visual Studio Solution File, Format Version 12.00
# Visual Studio 15
VisualStudioVersion = 15.0.27428.2043
MinimumVisualStudioVersion = 10.0.40219.1
Project("{FAE04EC0-301F-11D3-BF4B-00C04F79EFBC}") = "leetcode593-valid-square-solution2", "leetcode593-valid-square-solution2\leetcode593-valid-square-solution2.csproj", "{89C53AC4-5C37-483B-822A-CA0FF0E7062D}"
EndProject
Global
	GlobalSection(SolutionConfigurationPlatforms) = preSolution
		Debug|Any CPU = Debug|Any CPU
		Release|Any CPU = Release|Any CPU
	EndGlobalSection
	GlobalSection(ProjectConfigurationPlatforms) = postSolution
		{89C53AC4-5C37-483B-822A-CA0FF0E7062D}.Debug|Any CPU.ActiveCfg = Debug|Any CPU
		{89C53AC4-5C37-483B-822A-CA0FF0E7062D}.Debug|Any CPU.Build.0 = Debug|Any CPU
		{89C53AC4-5C37-483B-822A-CA0FF0E7062D}.Release|Any CPU.ActiveCfg = Release|Any CPU
		{89C53AC4-5C37-483B-822A-CA0FF0E7062D}.Release|Any CPU.Build.0 = Release|Any CPU
	EndGlobalSection
	GlobalSection(SolutionProperties) = preSolution
		HideSolutionNode = FALSE
	EndGlobalSection
	GlobalSection(ExtensibilityGlobals) = postSolution
		SolutionGuid = {2E04C6C8-2117-47E8-9C28-916069B91414}
	EndGlobalSection
EndGlobal
