
Microsoft Visual Studio Solution File, Format Version 12.00
# Visual Studio 15
VisualStudioVersion = 15.0.27428.2043
MinimumVisualStudioVersion = 10.0.40219.1
Project("{FAE04EC0-301F-11D3-BF4B-00C04F79EFBC}") = "Leetcode6-Zigzag", "Leetcode6-Zigzag\Leetcode6-Zigzag.csproj", "{BCCDB6F0-69E9-411F-9B9A-D078C84E0DEA}"
EndProject
Global
	GlobalSection(SolutionConfigurationPlatforms) = preSolution
		Debug|Any CPU = Debug|Any CPU
		Release|Any CPU = Release|Any CPU
	EndGlobalSection
	GlobalSection(ProjectConfigurationPlatforms) = postSolution
		{BCCDB6F0-69E9-411F-9B9A-D078C84E0DEA}.Debug|Any CPU.ActiveCfg = Debug|Any CPU
		{BCCDB6F0-69E9-411F-9B9A-D078C84E0DEA}.Debug|Any CPU.Build.0 = Debug|Any CPU
		{BCCDB6F0-69E9-411F-9B9A-D078C84E0DEA}.Release|Any CPU.ActiveCfg = Release|Any CPU
		{BCCDB6F0-69E9-411F-9B9A-D078C84E0DEA}.Release|Any CPU.Build.0 = Release|Any CPU
	EndGlobalSection
	GlobalSection(SolutionProperties) = preSolution
		HideSolutionNode = FALSE
	EndGlobalSection
	GlobalSection(ExtensibilityGlobals) = postSolution
		SolutionGuid = {2A23BC6C-EAC5-4454-B4E6-5B08424F7626}
	EndGlobalSection
EndGlobal
