
Microsoft Visual Studio Solution File, Format Version 12.00
# Visual Studio Version 16
VisualStudioVersion = 16.0.29009.5
MinimumVisualStudioVersion = 10.0.40219.1
Project("{FAE04EC0-301F-11D3-BF4B-00C04F79EFBC}") = "leetcode349", "leetcode349\leetcode349.csproj", "{AB28BF48-7631-4CBF-81E2-5C1019482B9E}"
EndProject
Global
	GlobalSection(SolutionConfigurationPlatforms) = preSolution
		Debug|Any CPU = Debug|Any CPU
		Release|Any CPU = Release|Any CPU
	EndGlobalSection
	GlobalSection(ProjectConfigurationPlatforms) = postSolution
		{AB28BF48-7631-4CBF-81E2-5C1019482B9E}.Debug|Any CPU.ActiveCfg = Debug|Any CPU
		{AB28BF48-7631-4CBF-81E2-5C1019482B9E}.Debug|Any CPU.Build.0 = Debug|Any CPU
		{AB28BF48-7631-4CBF-81E2-5C1019482B9E}.Release|Any CPU.ActiveCfg = Release|Any CPU
		{AB28BF48-7631-4CBF-81E2-5C1019482B9E}.Release|Any CPU.Build.0 = Release|Any CPU
	EndGlobalSection
	GlobalSection(SolutionProperties) = preSolution
		HideSolutionNode = FALSE
	EndGlobalSection
	GlobalSection(ExtensibilityGlobals) = postSolution
		SolutionGuid = {ADC8AB44-7DE4-4A07-947E-DCE875D72D9C}
	EndGlobalSection
EndGlobal
